
Microsoft Visual Studio Solution File, Format Version 12.00
# Visual Studio Version 16
VisualStudioVersion = 16.0.31729.503
MinimumVisualStudioVersion = 10.0.40219.1
Project("{FAE04EC0-301F-11D3-BF4B-00C04F79EFBC}") = "DayOfWeek", "DayOfWeek\DayOfWeek.csproj", "{A7210BE6-30AE-4AF3-A202-FF5F2C29D71F}"
EndProject
Project("{FAE04EC0-301F-11D3-BF4B-00C04F79EFBC}") = "WeekendOrWorkingDay", "WeekendOrWorkingDay\WeekendOrWorkingDay.csproj", "{9EC77554-B91A-4BD1-A0DF-57EA1858BD3A}"
EndProject
Project("{FAE04EC0-301F-11D3-BF4B-00C04F79EFBC}") = "AnimalType", "AnimalType\AnimalType.csproj", "{2B2E8929-7845-40AF-9A0C-E539FBC199FE}"
EndProject
Project("{FAE04EC0-301F-11D3-BF4B-00C04F79EFBC}") = "PersonalTitles", "PersonalTitles\PersonalTitles.csproj", "{65EF0BE6-F856-4160-A36C-6A69622F3540}"
EndProject
Project("{FAE04EC0-301F-11D3-BF4B-00C04F79EFBC}") = "SmallShop", "SmallShop\SmallShop.csproj", "{E147E98A-A129-4572-B252-8DD4D450EBE0}"
EndProject
Project("{FAE04EC0-301F-11D3-BF4B-00C04F79EFBC}") = "NumberInRange", "NumberInRange\NumberInRange.csproj", "{36D10900-873A-418C-A58C-E219A737E515}"
EndProject
Project("{FAE04EC0-301F-11D3-BF4B-00C04F79EFBC}") = "WorkingHours", "WorkingHours\WorkingHours.csproj", "{561D7AA2-6446-4DC1-B9F7-B7104E8B76D0}"
EndProject
Project("{FAE04EC0-301F-11D3-BF4B-00C04F79EFBC}") = "CinemaTicket", "CinemaTicket\CinemaTicket.csproj", "{A0851003-32EE-4049-99F2-2393702DA2F3}"
EndProject
Project("{FAE04EC0-301F-11D3-BF4B-00C04F79EFBC}") = "FruitOrVegetable", "FruitOrVegetable\FruitOrVegetable.csproj", "{4CFAF2BD-FA82-4F74-BA48-FE3C335C86A0}"
EndProject
Project("{FAE04EC0-301F-11D3-BF4B-00C04F79EFBC}") = "InvalidNumber", "InvalidNumber\InvalidNumber.csproj", "{FE76E913-7FB0-4DAC-ACA1-A9E3FB804329}"
EndProject
Project("{FAE04EC0-301F-11D3-BF4B-00C04F79EFBC}") = "FruitShop", "FruitShop\FruitShop.csproj", "{474BAC16-D9D2-4F6A-9AFD-29615F33CE2E}"
EndProject
Project("{FAE04EC0-301F-11D3-BF4B-00C04F79EFBC}") = "TradeCommisions", "TradeCommisions\TradeCommisions.csproj", "{68A274BD-3EBC-4960-87CF-3D2FDC5CCDC8}"
EndProject
Global
	GlobalSection(SolutionConfigurationPlatforms) = preSolution
		Debug|Any CPU = Debug|Any CPU
		Release|Any CPU = Release|Any CPU
	EndGlobalSection
	GlobalSection(ProjectConfigurationPlatforms) = postSolution
		{A7210BE6-30AE-4AF3-A202-FF5F2C29D71F}.Debug|Any CPU.ActiveCfg = Debug|Any CPU
		{A7210BE6-30AE-4AF3-A202-FF5F2C29D71F}.Debug|Any CPU.Build.0 = Debug|Any CPU
		{A7210BE6-30AE-4AF3-A202-FF5F2C29D71F}.Release|Any CPU.ActiveCfg = Release|Any CPU
		{A7210BE6-30AE-4AF3-A202-FF5F2C29D71F}.Release|Any CPU.Build.0 = Release|Any CPU
		{9EC77554-B91A-4BD1-A0DF-57EA1858BD3A}.Debug|Any CPU.ActiveCfg = Debug|Any CPU
		{9EC77554-B91A-4BD1-A0DF-57EA1858BD3A}.Debug|Any CPU.Build.0 = Debug|Any CPU
		{9EC77554-B91A-4BD1-A0DF-57EA1858BD3A}.Release|Any CPU.ActiveCfg = Release|Any CPU
		{9EC77554-B91A-4BD1-A0DF-57EA1858BD3A}.Release|Any CPU.Build.0 = Release|Any CPU
		{2B2E8929-7845-40AF-9A0C-E539FBC199FE}.Debug|Any CPU.ActiveCfg = Debug|Any CPU
		{2B2E8929-7845-40AF-9A0C-E539FBC199FE}.Debug|Any CPU.Build.0 = Debug|Any CPU
		{2B2E8929-7845-40AF-9A0C-E539FBC199FE}.Release|Any CPU.ActiveCfg = Release|Any CPU
		{2B2E8929-7845-40AF-9A0C-E539FBC199FE}.Release|Any CPU.Build.0 = Release|Any CPU
		{65EF0BE6-F856-4160-A36C-6A69622F3540}.Debug|Any CPU.ActiveCfg = Debug|Any CPU
		{65EF0BE6-F856-4160-A36C-6A69622F3540}.Debug|Any CPU.Build.0 = Debug|Any CPU
		{65EF0BE6-F856-4160-A36C-6A69622F3540}.Release|Any CPU.ActiveCfg = Release|Any CPU
		{65EF0BE6-F856-4160-A36C-6A69622F3540}.Release|Any CPU.Build.0 = Release|Any CPU
		{E147E98A-A129-4572-B252-8DD4D450EBE0}.Debug|Any CPU.ActiveCfg = Debug|Any CPU
		{E147E98A-A129-4572-B252-8DD4D450EBE0}.Debug|Any CPU.Build.0 = Debug|Any CPU
		{E147E98A-A129-4572-B252-8DD4D450EBE0}.Release|Any CPU.ActiveCfg = Release|Any CPU
		{E147E98A-A129-4572-B252-8DD4D450EBE0}.Release|Any CPU.Build.0 = Release|Any CPU
		{36D10900-873A-418C-A58C-E219A737E515}.Debug|Any CPU.ActiveCfg = Debug|Any CPU
		{36D10900-873A-418C-A58C-E219A737E515}.Debug|Any CPU.Build.0 = Debug|Any CPU
		{36D10900-873A-418C-A58C-E219A737E515}.Release|Any CPU.ActiveCfg = Release|Any CPU
		{36D10900-873A-418C-A58C-E219A737E515}.Release|Any CPU.Build.0 = Release|Any CPU
		{561D7AA2-6446-4DC1-B9F7-B7104E8B76D0}.Debug|Any CPU.ActiveCfg = Debug|Any CPU
		{561D7AA2-6446-4DC1-B9F7-B7104E8B76D0}.Debug|Any CPU.Build.0 = Debug|Any CPU
		{561D7AA2-6446-4DC1-B9F7-B7104E8B76D0}.Release|Any CPU.ActiveCfg = Release|Any CPU
		{561D7AA2-6446-4DC1-B9F7-B7104E8B76D0}.Release|Any CPU.Build.0 = Release|Any CPU
		{A0851003-32EE-4049-99F2-2393702DA2F3}.Debug|Any CPU.ActiveCfg = Debug|Any CPU
		{A0851003-32EE-4049-99F2-2393702DA2F3}.Debug|Any CPU.Build.0 = Debug|Any CPU
		{A0851003-32EE-4049-99F2-2393702DA2F3}.Release|Any CPU.ActiveCfg = Release|Any CPU
		{A0851003-32EE-4049-99F2-2393702DA2F3}.Release|Any CPU.Build.0 = Release|Any CPU
		{4CFAF2BD-FA82-4F74-BA48-FE3C335C86A0}.Debug|Any CPU.ActiveCfg = Debug|Any CPU
		{4CFAF2BD-FA82-4F74-BA48-FE3C335C86A0}.Debug|Any CPU.Build.0 = Debug|Any CPU
		{4CFAF2BD-FA82-4F74-BA48-FE3C335C86A0}.Release|Any CPU.ActiveCfg = Release|Any CPU
		{4CFAF2BD-FA82-4F74-BA48-FE3C335C86A0}.Release|Any CPU.Build.0 = Release|Any CPU
		{FE76E913-7FB0-4DAC-ACA1-A9E3FB804329}.Debug|Any CPU.ActiveCfg = Debug|Any CPU
		{FE76E913-7FB0-4DAC-ACA1-A9E3FB804329}.Debug|Any CPU.Build.0 = Debug|Any CPU
		{FE76E913-7FB0-4DAC-ACA1-A9E3FB804329}.Release|Any CPU.ActiveCfg = Release|Any CPU
		{FE76E913-7FB0-4DAC-ACA1-A9E3FB804329}.Release|Any CPU.Build.0 = Release|Any CPU
		{474BAC16-D9D2-4F6A-9AFD-29615F33CE2E}.Debug|Any CPU.ActiveCfg = Debug|Any CPU
		{474BAC16-D9D2-4F6A-9AFD-29615F33CE2E}.Debug|Any CPU.Build.0 = Debug|Any CPU
		{474BAC16-D9D2-4F6A-9AFD-29615F33CE2E}.Release|Any CPU.ActiveCfg = Release|Any CPU
		{474BAC16-D9D2-4F6A-9AFD-29615F33CE2E}.Release|Any CPU.Build.0 = Release|Any CPU
		{68A274BD-3EBC-4960-87CF-3D2FDC5CCDC8}.Debug|Any CPU.ActiveCfg = Debug|Any CPU
		{68A274BD-3EBC-4960-87CF-3D2FDC5CCDC8}.Debug|Any CPU.Build.0 = Debug|Any CPU
		{68A274BD-3EBC-4960-87CF-3D2FDC5CCDC8}.Release|Any CPU.ActiveCfg = Release|Any CPU
		{68A274BD-3EBC-4960-87CF-3D2FDC5CCDC8}.Release|Any CPU.Build.0 = Release|Any CPU
	EndGlobalSection
	GlobalSection(SolutionProperties) = preSolution
		HideSolutionNode = FALSE
	EndGlobalSection
	GlobalSection(ExtensibilityGlobals) = postSolution
		SolutionGuid = {B1FE0D0A-4AB8-458C-8DF3-390E5C9AD5C1}
	EndGlobalSection
EndGlobal
